
Microsoft Visual Studio Solution File, Format Version 12.00
# Visual Studio 15
VisualStudioVersion = 15.0.28307.271
MinimumVisualStudioVersion = 10.0.40219.1
Project("{FAE04EC0-301F-11D3-BF4B-00C04F79EFBC}") = "AgendaDeContatos", "AgendaDeContatos\AgendaDeContatos.csproj", "{E24255EE-5AE4-419A-A387-5B7AB263DDB2}"
EndProject
Project("{FAE04EC0-301F-11D3-BF4B-00C04F79EFBC}") = "AgendaDeContatos.Tests", "AgendaDeContatos.Tests\AgendaDeContatos.Tests.csproj", "{0C01CFDB-7F09-4B03-B19B-9D2FEEB6188F}"
EndProject
Global
	GlobalSection(SolutionConfigurationPlatforms) = preSolution
		Debug|Any CPU = Debug|Any CPU
		Release|Any CPU = Release|Any CPU
	EndGlobalSection
	GlobalSection(ProjectConfigurationPlatforms) = postSolution
		{E24255EE-5AE4-419A-A387-5B7AB263DDB2}.Debug|Any CPU.ActiveCfg = Debug|Any CPU
		{E24255EE-5AE4-419A-A387-5B7AB263DDB2}.Debug|Any CPU.Build.0 = Debug|Any CPU
		{E24255EE-5AE4-419A-A387-5B7AB263DDB2}.Release|Any CPU.ActiveCfg = Release|Any CPU
		{E24255EE-5AE4-419A-A387-5B7AB263DDB2}.Release|Any CPU.Build.0 = Release|Any CPU
		{0C01CFDB-7F09-4B03-B19B-9D2FEEB6188F}.Debug|Any CPU.ActiveCfg = Debug|Any CPU
		{0C01CFDB-7F09-4B03-B19B-9D2FEEB6188F}.Debug|Any CPU.Build.0 = Debug|Any CPU
		{0C01CFDB-7F09-4B03-B19B-9D2FEEB6188F}.Release|Any CPU.ActiveCfg = Release|Any CPU
		{0C01CFDB-7F09-4B03-B19B-9D2FEEB6188F}.Release|Any CPU.Build.0 = Release|Any CPU
	EndGlobalSection
	GlobalSection(SolutionProperties) = preSolution
		HideSolutionNode = FALSE
	EndGlobalSection
	GlobalSection(ExtensibilityGlobals) = postSolution
		SolutionGuid = {1F3A9F25-E8CD-408C-91D2-68FAACC46201}
	EndGlobalSection
EndGlobal
